
Microsoft Visual Studio Solution File, Format Version 12.00
# Visual Studio Version 17
VisualStudioVersion = 17.0.31903.59
MinimumVisualStudioVersion = 10.0.40219.1
Project("{FAE04EC0-301F-11D3-BF4B-00C04F79EFBC}") = "AkerMcp.Shared", "Shared\AkerMcp.Shared.csproj", "{31CD9891-60BF-4F6E-8FFB-A65874A17EC8}"
EndProject
Project("{FAE04EC0-301F-11D3-BF4B-00C04F79EFBC}") = "AkerMcp.Server", "Server\AkerMcp.Server.csproj", "{A9621B84-5769-4262-9233-FAA4459E6062}"
EndProject
Project("{FAE04EC0-301F-11D3-BF4B-00C04F79EFBC}") = "AkerMcp.Client", "Client\AkerMcp.Client.csproj", "{D78F6538-1D5A-498B-99C8-DC122EED39D2}"
EndProject
Global
	GlobalSection(SolutionConfigurationPlatforms) = preSolution
		Debug|Any CPU = Debug|Any CPU
		Release|Any CPU = Release|Any CPU
	EndGlobalSection
	GlobalSection(SolutionProperties) = preSolution
		HideSolutionNode = FALSE
	EndGlobalSection
	GlobalSection(ProjectConfigurationPlatforms) = postSolution
		{31CD9891-60BF-4F6E-8FFB-A65874A17EC8}.Debug|Any CPU.ActiveCfg = Debug|Any CPU
		{31CD9891-60BF-4F6E-8FFB-A65874A17EC8}.Debug|Any CPU.Build.0 = Debug|Any CPU
		{31CD9891-60BF-4F6E-8FFB-A65874A17EC8}.Release|Any CPU.ActiveCfg = Release|Any CPU
		{31CD9891-60BF-4F6E-8FFB-A65874A17EC8}.Release|Any CPU.Build.0 = Release|Any CPU
		{A9621B84-5769-4262-9233-FAA4459E6062}.Debug|Any CPU.ActiveCfg = Debug|Any CPU
		{A9621B84-5769-4262-9233-FAA4459E6062}.Debug|Any CPU.Build.0 = Debug|Any CPU
		{A9621B84-5769-4262-9233-FAA4459E6062}.Release|Any CPU.ActiveCfg = Release|Any CPU
		{A9621B84-5769-4262-9233-FAA4459E6062}.Release|Any CPU.Build.0 = Release|Any CPU
		{D78F6538-1D5A-498B-99C8-DC122EED39D2}.Debug|Any CPU.ActiveCfg = Debug|Any CPU
		{D78F6538-1D5A-498B-99C8-DC122EED39D2}.Debug|Any CPU.Build.0 = Debug|Any CPU
		{D78F6538-1D5A-498B-99C8-DC122EED39D2}.Release|Any CPU.ActiveCfg = Release|Any CPU
		{D78F6538-1D5A-498B-99C8-DC122EED39D2}.Release|Any CPU.Build.0 = Release|Any CPU
	EndGlobalSection
EndGlobal
